
Microsoft Visual Studio Solution File, Format Version 12.00
Project("{FAE04EC0-301F-11D3-BF4B-00C04F79EFBC}") = "gj.autofac.caching.redis", "gj.autofac.caching.redis\gj.autofac.caching.redis.csproj", "{A7128885-342F-4DD1-9D30-DF5EC19084C6}"
EndProject
Project("{FAE04EC0-301F-11D3-BF4B-00C04F79EFBC}") = "gj.autofac.caching.redis.tester", "gj.autofac.caching.redis.tester\gj.autofac.caching.redis.tester.csproj", "{1FCEC74F-35BF-4B6B-9532-5916D0FC76C2}"
EndProject
Global
	GlobalSection(SolutionConfigurationPlatforms) = preSolution
		Debug|Any CPU = Debug|Any CPU
		Release|Any CPU = Release|Any CPU
	EndGlobalSection
	GlobalSection(ProjectConfigurationPlatforms) = postSolution
		{A7128885-342F-4DD1-9D30-DF5EC19084C6}.Debug|Any CPU.ActiveCfg = Debug|Any CPU
		{A7128885-342F-4DD1-9D30-DF5EC19084C6}.Debug|Any CPU.Build.0 = Debug|Any CPU
		{A7128885-342F-4DD1-9D30-DF5EC19084C6}.Release|Any CPU.ActiveCfg = Release|Any CPU
		{A7128885-342F-4DD1-9D30-DF5EC19084C6}.Release|Any CPU.Build.0 = Release|Any CPU
		{1FCEC74F-35BF-4B6B-9532-5916D0FC76C2}.Debug|Any CPU.ActiveCfg = Debug|Any CPU
		{1FCEC74F-35BF-4B6B-9532-5916D0FC76C2}.Debug|Any CPU.Build.0 = Debug|Any CPU
		{1FCEC74F-35BF-4B6B-9532-5916D0FC76C2}.Release|Any CPU.ActiveCfg = Release|Any CPU
		{1FCEC74F-35BF-4B6B-9532-5916D0FC76C2}.Release|Any CPU.Build.0 = Release|Any CPU
	EndGlobalSection
EndGlobal
